
Microsoft Visual Studio Solution File, Format Version 12.00
# Visual Studio Version 17
VisualStudioVersion = 17.14.37012.4 d17.14
MinimumVisualStudioVersion = 10.0.40219.1
Project("{FAE04EC0-301F-11D3-BF4B-00C04F79EFBC}") = "examenCrudMVC_NFramework1", "examenCrudMVC_NFramework1\examenCrudMVC_NFramework1.csproj", "{320E5CF2-5DB5-4163-AF0E-901192943045}"
EndProject
Global
	GlobalSection(SolutionConfigurationPlatforms) = preSolution
		Debug|Any CPU = Debug|Any CPU
		Release|Any CPU = Release|Any CPU
	EndGlobalSection
	GlobalSection(ProjectConfigurationPlatforms) = postSolution
		{320E5CF2-5DB5-4163-AF0E-901192943045}.Debug|Any CPU.ActiveCfg = Debug|Any CPU
		{320E5CF2-5DB5-4163-AF0E-901192943045}.Debug|Any CPU.Build.0 = Debug|Any CPU
		{320E5CF2-5DB5-4163-AF0E-901192943045}.Release|Any CPU.ActiveCfg = Release|Any CPU
		{320E5CF2-5DB5-4163-AF0E-901192943045}.Release|Any CPU.Build.0 = Release|Any CPU
	EndGlobalSection
	GlobalSection(SolutionProperties) = preSolution
		HideSolutionNode = FALSE
	EndGlobalSection
	GlobalSection(ExtensibilityGlobals) = postSolution
		SolutionGuid = {0F6B2F9C-5E7B-4D95-B62C-1AEE62165830}
	EndGlobalSection
EndGlobal
